// !$*UTF8*$!
{
	archiveVersion = 1;
	classes = {
	};
	objectVersion = 56;
	objects = {

/* Begin PBXBuildFile section */
		DD6F7AB62ADAA076006C1F7F /* AppDelegate.swift in Sources */ = {isa = PBXBuildFile; fileRef = DD6F7AB52ADAA076006C1F7F /* AppDelegate.swift */; };
		DD6F7AB82ADAA076006C1F7F /* SceneDelegate.swift in Sources */ = {isa = PBXBuildFile; fileRef = DD6F7AB72ADAA076006C1F7F /* SceneDelegate.swift */; };
		DD6F7ABA2ADAA076006C1F7F /* ViewController.swift in Sources */ = {isa = PBXBuildFile; fileRef = DD6F7AB92ADAA076006C1F7F /* ViewController.swift */; };
		DD6F7ABD2ADAA077006C1F7F /* Main.storyboard in Resources */ = {isa = PBXBuildFile; fileRef = DD6F7ABB2ADAA077006C1F7F /* Main.storyboard */; };
		DD6F7ABF2ADAA077006C1F7F /* Assets.xcassets in Resources */ = {isa = PBXBuildFile; fileRef = DD6F7ABE2ADAA077006C1F7F /* Assets.xcassets */; };
		DD6F7AC22ADAA077006C1F7F /* LaunchScreen.storyboard in Resources */ = {isa = PBXBuildFile; fileRef = DD6F7AC02ADAA077006C1F7F /* LaunchScreen.storyboard */; };
		DD6F7ACD2ADAA077006C1F7F /* CalculatorTests.swift in Sources */ = {isa = PBXBuildFile; fileRef = DD6F7ACC2ADAA077006C1F7F /* CalculatorTests.swift */; };
		DD6F7AD72ADAA077006C1F7F /* CalculatorUITests.swift in Sources */ = {isa = PBXBuildFile; fileRef = DD6F7AD62ADAA077006C1F7F /* CalculatorUITests.swift */; };
		DD6F7AD92ADAA077006C1F7F /* CalculatorUITestsLaunchTests.swift in Sources */ = {isa = PBXBuildFile; fileRef = DD6F7AD82ADAA077006C1F7F /* CalculatorUITestsLaunchTests.swift */; };
/* End PBXBuildFile section */

/* Begin PBXContainerItemProxy section */
		DD6F7AC92ADAA077006C1F7F /* PBXContainerItemProxy */ = {
			isa = PBXContainerItemProxy;
			containerPortal = DD6F7AAA2ADAA076006C1F7F /* Project object */;
			proxyType = 1;
			remoteGlobalIDString = DD6F7AB12ADAA076006C1F7F;
			remoteInfo = Calculator;
		};
		DD6F7AD32ADAA077006C1F7F /* PBXContainerItemProxy */ = {
			isa = PBXContainerItemProxy;
			containerPortal = DD6F7AAA2ADAA076006C1F7F /* Project object */;
			proxyType = 1;
			remoteGlobalIDString = DD6F7AB12ADAA076006C1F7F;
			remoteInfo = Calculator;
		};
/* End PBXContainerItemProxy section */

/* Begin PBXFileReference section */
		DD6F7AB22ADAA076006C1F7F /* CalculatorQuralai.app */ = {isa = PBXFileReference; explicitFileType = wrapper.application; includeInIndex = 0; path = CalculatorQuralai.app; sourceTree = BUILT_PRODUCTS_DIR; };
		DD6F7AB52ADAA076006C1F7F /* AppDelegate.swift */ = {isa = PBXFileReference; lastKnownFileType = sourcecode.swift; path = AppDelegate.swift; sourceTree = "<group>"; };
		DD6F7AB72ADAA076006C1F7F /* SceneDelegate.swift */ = {isa = PBXFileReference; lastKnownFileType = sourcecode.swift; path = SceneDelegate.swift; sourceTree = "<group>"; };
		DD6F7AB92ADAA076006C1F7F /* ViewController.swift */ = {isa = PBXFileReference; lastKnownFileType = sourcecode.swift; path = ViewController.swift; sourceTree = "<group>"; };
		DD6F7ABC2ADAA077006C1F7F /* Base */ = {isa = PBXFileReference; lastKnownFileType = file.storyboard; name = Base; path = Base.lproj/Main.storyboard; sourceTree = "<group>"; };
		DD6F7ABE2ADAA077006C1F7F /* Assets.xcassets */ = {isa = PBXFileReference; lastKnownFileType = folder.assetcatalog; path = Assets.xcassets; sourceTree = "<group>"; };
		DD6F7AC12ADAA077006C1F7F /* Base */ = {isa = PBXFileReference; lastKnownFileType = file.storyboard; name = Base; path = Base.lproj/LaunchScreen.storyboard; sourceTree = "<group>"; };
		DD6F7AC32ADAA077006C1F7F /* Info.plist */ = {isa = PBXFileReference; lastKnownFileType = text.plist.xml; path = Info.plist; sourceTree = "<group>"; };
		DD6F7AC82ADAA077006C1F7F /* CalculatorQuralaiTests.xctest */ = {isa = PBXFileReference; explicitFileType = wrapper.cfbundle; includeInIndex = 0; path = CalculatorQuralaiTests.xctest; sourceTree = BUILT_PRODUCTS_DIR; };
		DD6F7ACC2ADAA077006C1F7F /* CalculatorTests.swift */ = {isa = PBXFileReference; lastKnownFileType = sourcecode.swift; path = CalculatorTests.swift; sourceTree = "<group>"; };
		DD6F7AD22ADAA077006C1F7F /* CalculatorQuralaiUITests.xctest */ = {isa = PBXFileReference; explicitFileType = wrapper.cfbundle; includeInIndex = 0; path = CalculatorQuralaiUITests.xctest; sourceTree = BUILT_PRODUCTS_DIR; };
		DD6F7AD62ADAA077006C1F7F /* CalculatorUITests.swift */ = {isa = PBXFileReference; lastKnownFileType = sourcecode.swift; path = CalculatorUITests.swift; sourceTree = "<group>"; };
		DD6F7AD82ADAA077006C1F7F /* CalculatorUITestsLaunchTests.swift */ = {isa = PBXFileReference; lastKnownFileType = sourcecode.swift; path = CalculatorUITestsLaunchTests.swift; sourceTree = "<group>"; };
/* End PBXFileReference section */

/* Begin PBXFrameworksBuildPhase section */
		DD6F7AAF2ADAA076006C1F7F /* Frameworks */ = {
			isa = PBXFrameworksBuildPhase;
			buildActionMask = 2147483647;
			files = (
			);
			runOnlyForDeploymentPostprocessing = 0;
		};
		DD6F7AC52ADAA077006C1F7F /* Frameworks */ = {
			isa = PBXFrameworksBuildPhase;
			buildActionMask = 2147483647;
			files = (
			);
			runOnlyForDeploymentPostprocessing = 0;
		};
		DD6F7ACF2ADAA077006C1F7F /* Frameworks */ = {
			isa = PBXFrameworksBuildPhase;
			buildActionMask = 2147483647;
			files = (
			);
			runOnlyForDeploymentPostprocessing = 0;
		};
/* End PBXFrameworksBuildPhase section */

/* Begin PBXGroup section */
		DD6F7AA92ADAA076006C1F7F = {
			isa = PBXGroup;
			children = (
				DD6F7AB42ADAA076006C1F7F /* Calculator */,
				DD6F7ACB2ADAA077006C1F7F /* CalculatorTests */,
				DD6F7AD52ADAA077006C1F7F /* CalculatorUITests */,
				DD6F7AB32ADAA076006C1F7F /* Products */,
			);
			sourceTree = "<group>";
		};
		DD6F7AB32ADAA076006C1F7F /* Products */ = {
			isa = PBXGroup;
			children = (
				DD6F7AB22ADAA076006C1F7F /* CalculatorQuralai.app */,
				DD6F7AC82ADAA077006C1F7F /* CalculatorQuralaiTests.xctest */,
				DD6F7AD22ADAA077006C1F7F /* CalculatorQuralaiUITests.xctest */,
			);
			name = Products;
			sourceTree = "<group>";
		};
		DD6F7AB42ADAA076006C1F7F /* Calculator */ = {
			isa = PBXGroup;
			children = (
				DD6F7AB52ADAA076006C1F7F /* AppDelegate.swift */,
				DD6F7AB72ADAA076006C1F7F /* SceneDelegate.swift */,
				DD6F7AB92ADAA076006C1F7F /* ViewController.swift */,
				DD6F7ABB2ADAA077006C1F7F /* Main.storyboard */,
				DD6F7ABE2ADAA077006C1F7F /* Assets.xcassets */,
				DD6F7AC02ADAA077006C1F7F /* LaunchScreen.storyboard */,
				DD6F7AC32ADAA077006C1F7F /* Info.plist */,
			);
			path = Calculator;
			sourceTree = "<group>";
		};
		DD6F7ACB2ADAA077006C1F7F /* CalculatorTests */ = {
			isa = PBXGroup;
			children = (
				DD6F7ACC2ADAA077006C1F7F /* CalculatorTests.swift */,
			);
			path = CalculatorTests;
			sourceTree = "<group>";
		};
		DD6F7AD52ADAA077006C1F7F /* CalculatorUITests */ = {
			isa = PBXGroup;
			children = (
				DD6F7AD62ADAA077006C1F7F /* CalculatorUITests.swift */,
				DD6F7AD82ADAA077006C1F7F /* CalculatorUITestsLaunchTests.swift */,
			);
			path = CalculatorUITests;
			sourceTree = "<group>";
		};
/* End PBXGroup section */

/* Begin PBXNativeTarget section */
		DD6F7AB12ADAA076006C1F7F /* CalculatorQuralai */ = {
			isa = PBXNativeTarget;
			buildConfigurationList = DD6F7ADC2ADAA078006C1F7F /* Build configuration list for PBXNativeTarget "CalculatorQuralai" */;
			buildPhases = (
				DD6F7AAE2ADAA076006C1F7F /* Sources */,
				DD6F7AAF2ADAA076006C1F7F /* Frameworks */,
				DD6F7AB02ADAA076006C1F7F /* Resources */,
			);
			buildRules = (
			);
			dependencies = (
			);
			name = CalculatorQuralai;
			productName = Calculator;
			productReference = DD6F7AB22ADAA076006C1F7F /* CalculatorQuralai.app */;
			productType = "com.apple.product-type.application";
		};
		DD6F7AC72ADAA077006C1F7F /* CalculatorQuralaiTests */ = {
			isa = PBXNativeTarget;
			buildConfigurationList = DD6F7ADF2ADAA078006C1F7F /* Build configuration list for PBXNativeTarget "CalculatorQuralaiTests" */;
			buildPhases = (
				DD6F7AC42ADAA077006C1F7F /* Sources */,
				DD6F7AC52ADAA077006C1F7F /* Frameworks */,
				DD6F7AC62ADAA077006C1F7F /* Resources */,
			);
			buildRules = (
			);
			dependencies = (
				DD6F7ACA2ADAA077006C1F7F /* PBXTargetDependency */,
			);
			name = CalculatorQuralaiTests;
			productName = CalculatorTests;
			productReference = DD6F7AC82ADAA077006C1F7F /* CalculatorQuralaiTests.xctest */;
			productType = "com.apple.product-type.bundle.unit-test";
		};
		DD6F7AD12ADAA077006C1F7F /* CalculatorQuralaiUITests */ = {
			isa = PBXNativeTarget;
			buildConfigurationList = DD6F7AE22ADAA078006C1F7F /* Build configuration list for PBXNativeTarget "CalculatorQuralaiUITests" */;
			buildPhases = (
				DD6F7ACE2ADAA077006C1F7F /* Sources */,
				DD6F7ACF2ADAA077006C1F7F /* Frameworks */,
				DD6F7AD02ADAA077006C1F7F /* Resources */,
			);
			buildRules = (
			);
			dependencies = (
				DD6F7AD42ADAA077006C1F7F /* PBXTargetDependency */,
			);
			name = CalculatorQuralaiUITests;
			productName = CalculatorUITests;
			productReference = DD6F7AD22ADAA077006C1F7F /* CalculatorQuralaiUITests.xctest */;
			productType = "com.apple.product-type.bundle.ui-testing";
		};
/* End PBXNativeTarget section */

/* Begin PBXProject section */
		DD6F7AAA2ADAA076006C1F7F /* Project object */ = {
			isa = PBXProject;
			attributes = {
				BuildIndependentTargetsInParallel = 1;
				LastSwiftUpdateCheck = 1500;
				LastUpgradeCheck = 1500;
				TargetAttributes = {
					DD6F7AB12ADAA076006C1F7F = {
						CreatedOnToolsVersion = 15.0;
					};
					DD6F7AC72ADAA077006C1F7F = {
						CreatedOnToolsVersion = 15.0;
						TestTargetID = DD6F7AB12ADAA076006C1F7F;
					};
					DD6F7AD12ADAA077006C1F7F = {
						CreatedOnToolsVersion = 15.0;
						TestTargetID = DD6F7AB12ADAA076006C1F7F;
					};
				};
			};
			buildConfigurationList = DD6F7AAD2ADAA076006C1F7F /* Build configuration list for PBXProject "CalculatorQuralai" */;
			compatibilityVersion = "Xcode 14.0";
			developmentRegion = en;
			hasScannedForEncodings = 0;
			knownRegions = (
				en,
				Base,
			);
			mainGroup = DD6F7AA92ADAA076006C1F7F;
			productRefGroup = DD6F7AB32ADAA076006C1F7F /* Products */;
			projectDirPath = "";
			projectRoot = "";
			targets = (
				DD6F7AB12ADAA076006C1F7F /* CalculatorQuralai */,
				DD6F7AC72ADAA077006C1F7F /* CalculatorQuralaiTests */,
				DD6F7AD12ADAA077006C1F7F /* CalculatorQuralaiUITests */,
			);
		};
/* End PBXProject section */

/* Begin PBXResourcesBuildPhase section */
		DD6F7AB02ADAA076006C1F7F /* Resources */ = {
			isa = PBXResourcesBuildPhase;
			buildActionMask = 2147483647;
			files = (
				DD6F7AC22ADAA077006C1F7F /* LaunchScreen.storyboard in Resources */,
				DD6F7ABF2ADAA077006C1F7F /* Assets.xcassets in Resources */,
				DD6F7ABD2ADAA077006C1F7F /* Main.storyboard in Resources */,
			);
			runOnlyForDeploymentPostprocessing = 0;
		};
		DD6F7AC62ADAA077006C1F7F /* Resources */ = {
			isa = PBXResourcesBuildPhase;
			buildActionMask = 2147483647;
			files = (
			);
			runOnlyForDeploymentPostprocessing = 0;
		};
		DD6F7AD02ADAA077006C1F7F /* Resources */ = {
			isa = PBXResourcesBuildPhase;
			buildActionMask = 2147483647;
			files = (
			);
			runOnlyForDeploymentPostprocessing = 0;
		};
/* End PBXResourcesBuildPhase section */

/* Begin PBXSourcesBuildPhase section */
		DD6F7AAE2ADAA076006C1F7F /* Sources */ = {
			isa = PBXSourcesBuildPhase;
			buildActionMask = 2147483647;
			files = (
				DD6F7ABA2ADAA076006C1F7F /* ViewController.swift in Sources */,
				DD6F7AB62ADAA076006C1F7F /* AppDelegate.swift in Sources */,
				DD6F7AB82ADAA076006C1F7F /* SceneDelegate.swift in Sources */,
			);
			runOnlyForDeploymentPostprocessing = 0;
		};
		DD6F7AC42ADAA077006C1F7F /* Sources */ = {
			isa = PBXSourcesBuildPhase;
			buildActionMask = 2147483647;
			files = (
				DD6F7ACD2ADAA077006C1F7F /* CalculatorTests.swift in Sources */,
			);
			runOnlyForDeploymentPostprocessing = 0;
		};
		DD6F7ACE2ADAA077006C1F7F /* Sources */ = {
			isa = PBXSourcesBuildPhase;
			buildActionMask = 2147483647;
			files = (
				DD6F7AD92ADAA077006C1F7F /* CalculatorUITestsLaunchTests.swift in Sources */,
				DD6F7AD72ADAA077006C1F7F /* CalculatorUITests.swift in Sources */,
			);
			runOnlyForDeploymentPostprocessing = 0;
		};
/* End PBXSourcesBuildPhase section */

/* Begin PBXTargetDependency section */
		DD6F7ACA2ADAA077006C1F7F /* PBXTargetDependency */ = {
			isa = PBXTargetDependency;
			target = DD6F7AB12ADAA076006C1F7F /* CalculatorQuralai */;
			targetProxy = DD6F7AC92ADAA077006C1F7F /* PBXContainerItemProxy */;
		};
		DD6F7AD42ADAA077006C1F7F /* PBXTargetDependency */ = {
			isa = PBXTargetDependency;
			target = DD6F7AB12ADAA076006C1F7F /* CalculatorQuralai */;
			targetProxy = DD6F7AD32ADAA077006C1F7F /* PBXContainerItemProxy */;
		};
/* End PBXTargetDependency section */

/* Begin PBXVariantGroup section */
		DD6F7ABB2ADAA077006C1F7F /* Main.storyboard */ = {
			isa = PBXVariantGroup;
			children = (
				DD6F7ABC2ADAA077006C1F7F /* Base */,
			);
			name = Main.storyboard;
			sourceTree = "<group>";
		};
		DD6F7AC02ADAA077006C1F7F /* LaunchScreen.storyboard */ = {
			isa = PBXVariantGroup;
			children = (
				DD6F7AC12ADAA077006C1F7F /* Base */,
			);
			name = LaunchScreen.storyboard;
			sourceTree = "<group>";
		};
/* End PBXVariantGroup section */

/* Begin XCBuildConfiguration section */
		DD6F7ADA2ADAA077006C1F7F /* Debug */ = {
			isa = XCBuildConfiguration;
			buildSettings = {
				ALWAYS_SEARCH_USER_PATHS = NO;
				ASSETCATALOG_COMPILER_GENERATE_SWIFT_ASSET_SYMBOL_EXTENSIONS = YES;
				CLANG_ANALYZER_NONNULL = YES;
				CLANG_ANALYZER_NUMBER_OBJECT_CONVERSION = YES_AGGRESSIVE;
				CLANG_CXX_LANGUAGE_STANDARD = "gnu++20";
				CLANG_ENABLE_MODULES = YES;
				CLANG_ENABLE_OBJC_ARC = YES;
				CLANG_ENABLE_OBJC_WEAK = YES;
				CLANG_WARN_BLOCK_CAPTURE_AUTORELEASING = YES;
				CLANG_WARN_BOOL_CONVERSION = YES;
				CLANG_WARN_COMMA = YES;
				CLANG_WARN_CONSTANT_CONVERSION = YES;
				CLANG_WARN_DEPRECATED_OBJC_IMPLEMENTATIONS = YES;
				CLANG_WARN_DIRECT_OBJC_ISA_USAGE = YES_ERROR;
				CLANG_WARN_DOCUMENTATION_COMMENTS = YES;
				CLANG_WARN_EMPTY_BODY = YES;
				CLANG_WARN_ENUM_CONVERSION = YES;
				CLANG_WARN_INFINITE_RECURSION = YES;
				CLANG_WARN_INT_CONVERSION = YES;
				CLANG_WARN_NON_LITERAL_NULL_CONVERSION = YES;
				CLANG_WARN_OBJC_IMPLICIT_RETAIN_SELF = YES;
				CLANG_WARN_OBJC_LITERAL_CONVERSION = YES;
				CLANG_WARN_OBJC_ROOT_CLASS = YES_ERROR;
				CLANG_WARN_QUOTED_INCLUDE_IN_FRAMEWORK_HEADER = YES;
				CLANG_WARN_RANGE_LOOP_ANALYSIS = YES;
				CLANG_WARN_STRICT_PROTOTYPES = YES;
				CLANG_WARN_SUSPICIOUS_MOVE = YES;
				CLANG_WARN_UNGUARDED_AVAILABILITY = YES_AGGRESSIVE;
				CLANG_WARN_UNREACHABLE_CODE = YES;
				CLANG_WARN__DUPLICATE_METHOD_MATCH = YES;
				COPY_PHASE_STRIP = NO;
				DEBUG_INFORMATION_FORMAT = dwarf;
				ENABLE_STRICT_OBJC_MSGSEND = YES;
				ENABLE_TESTABILITY = YES;
				ENABLE_USER_SCRIPT_SANDBOXING = YES;
				GCC_C_LANGUAGE_STANDARD = gnu17;
				GCC_DYNAMIC_NO_PIC = NO;
				GCC_NO_COMMON_BLOCKS = YES;
				GCC_OPTIMIZATION_LEVEL = 0;
				GCC_PREPROCESSOR_DEFINITIONS = (
					"DEBUG=1",
					"$(inherited)",
				);
				GCC_WARN_64_TO_32_BIT_CONVERSION = YES;
				GCC_WARN_ABOUT_RETURN_TYPE = YES_ERROR;
				GCC_WARN_UNDECLARED_SELECTOR = YES;
				GCC_WARN_UNINITIALIZED_AUTOS = YES_AGGRESSIVE;
				GCC_WARN_UNUSED_FUNCTION = YES;
				GCC_WARN_UNUSED_VARIABLE = YES;
				IPHONEOS_DEPLOYMENT_TARGET = 17.0;
				LOCALIZATION_PREFERS_STRING_CATALOGS = YES;
				MTL_ENABLE_DEBUG_INFO = INCLUDE_SOURCE;
				MTL_FAST_MATH = YES;
				ONLY_ACTIVE_ARCH = YES;
				SDKROOT = iphoneos;
				SWIFT_ACTIVE_COMPILATION_CONDITIONS = "DEBUG $(inherited)";
				SWIFT_OPTIMIZATION_LEVEL = "-Onone";
			};
			name = Debug;
		};
		DD6F7ADB2ADAA077006C1F7F /* Release */ = {
			isa = XCBuildConfiguration;
			buildSettings = {
				ALWAYS_SEARCH_USER_PATHS = NO;
				ASSETCATALOG_COMPILER_GENERATE_SWIFT_ASSET_SYMBOL_EXTENSIONS = YES;
				CLANG_ANALYZER_NONNULL = YES;
				CLANG_ANALYZER_NUMBER_OBJECT_CONVERSION = YES_AGGRESSIVE;
				CLANG_CXX_LANGUAGE_STANDARD = "gnu++20";
				CLANG_ENABLE_MODULES = YES;
				CLANG_ENABLE_OBJC_ARC = YES;
				CLANG_ENABLE_OBJC_WEAK = YES;
				CLANG_WARN_BLOCK_CAPTURE_AUTORELEASING = YES;
				CLANG_WARN_BOOL_CONVERSION = YES;
				CLANG_WARN_COMMA = YES;
				CLANG_WARN_CONSTANT_CONVERSION = YES;
				CLANG_WARN_DEPRECATED_OBJC_IMPLEMENTATIONS = YES;
				CLANG_WARN_DIRECT_OBJC_ISA_USAGE = YES_ERROR;
				CLANG_WARN_DOCUMENTATION_COMMENTS = YES;
				CLANG_WARN_EMPTY_BODY = YES;
				CLANG_WARN_ENUM_CONVERSION = YES;
				CLANG_WARN_INFINITE_RECURSION = YES;
				CLANG_WARN_INT_CONVERSION = YES;
				CLANG_WARN_NON_LITERAL_NULL_CONVERSION = YES;
				CLANG_WARN_OBJC_IMPLICIT_RETAIN_SELF = YES;
				CLANG_WARN_OBJC_LITERAL_CONVERSION = YES;
				CLANG_WARN_OBJC_ROOT_CLASS = YES_ERROR;
				CLANG_WARN_QUOTED_INCLUDE_IN_FRAMEWORK_HEADER = YES;
				CLANG_WARN_RANGE_LOOP_ANALYSIS = YES;
				CLANG_WARN_STRICT_PROTOTYPES = YES;
				CLANG_WARN_SUSPICIOUS_MOVE = YES;
				CLANG_WARN_UNGUARDED_AVAILABILITY = YES_AGGRESSIVE;
				CLANG_WARN_UNREACHABLE_CODE = YES;
				CLANG_WARN__DUPLICATE_METHOD_MATCH = YES;
				COPY_PHASE_STRIP = NO;
				DEBUG_INFORMATION_FORMAT = "dwarf-with-dsym";
				ENABLE_NS_ASSERTIONS = NO;
				ENABLE_STRICT_OBJC_MSGSEND = YES;
				ENABLE_USER_SCRIPT_SANDBOXING = YES;
				GCC_C_LANGUAGE_STANDARD = gnu17;
				GCC_NO_COMMON_BLOCKS = YES;
				GCC_WARN_64_TO_32_BIT_CONVERSION = YES;
				GCC_WARN_ABOUT_RETURN_TYPE = YES_ERROR;
				GCC_WARN_UNDECLARED_SELECTOR = YES;
				GCC_WARN_UNINITIALIZED_AUTOS = YES_AGGRESSIVE;
				GCC_WARN_UNUSED_FUNCTION = YES;
				GCC_WARN_UNUSED_VARIABLE = YES;
				IPHONEOS_DEPLOYMENT_TARGET = 17.0;
				LOCALIZATION_PREFERS_STRING_CATALOGS = YES;
				MTL_ENABLE_DEBUG_INFO = NO;
				MTL_FAST_MATH = YES;
				SDKROOT = iphoneos;
				SWIFT_COMPILATION_MODE = wholemodule;
				VALIDATE_PRODUCT = YES;
			};
			name = Release;
		};
		DD6F7ADD2ADAA078006C1F7F /* Debug */ = {
			isa = XCBuildConfiguration;
			buildSettings = {
				ASSETCATALOG_COMPILER_APPICON_NAME = AppIcon;
				ASSETCATALOG_COMPILER_GLOBAL_ACCENT_COLOR_NAME = AccentColor;
				CODE_SIGN_STYLE = Automatic;
				CURRENT_PROJECT_VERSION = 1;
				DEVELOPMENT_TEAM = KP352U95F5;
				GENERATE_INFOPLIST_FILE = YES;
				INFOPLIST_FILE = Calculator/Info.plist;
				INFOPLIST_KEY_UIApplicationSupportsIndirectInputEvents = YES;
				INFOPLIST_KEY_UILaunchStoryboardName = LaunchScreen;
				INFOPLIST_KEY_UIMainStoryboardFile = Main;
				INFOPLIST_KEY_UISupportedInterfaceOrientations_iPad = "UIInterfaceOrientationPortrait UIInterfaceOrientationPortraitUpsideDown UIInterfaceOrientationLandscapeLeft UIInterfaceOrientationLandscapeRight";
				INFOPLIST_KEY_UISupportedInterfaceOrientations_iPhone = "UIInterfaceOrientationPortrait UIInterfaceOrientationLandscapeLeft UIInterfaceOrientationLandscapeRight";
				LD_RUNPATH_SEARCH_PATHS = (
					"$(inherited)",
					"@executable_path/Frameworks",
				);
				MARKETING_VERSION = 1.0;
				PRODUCT_BUNDLE_IDENTIFIER = "smart-castle.Erlan.Calculator";
				PRODUCT_NAME = "$(TARGET_NAME)";
				SWIFT_EMIT_LOC_STRINGS = YES;
				SWIFT_VERSION = 5.0;
				TARGETED_DEVICE_FAMILY = "1,2";
			};
			name = Debug;
		};
		DD6F7ADE2ADAA078006C1F7F /* Release */ = {
			isa = XCBuildConfiguration;
			buildSettings = {
				ASSETCATALOG_COMPILER_APPICON_NAME = AppIcon;
				ASSETCATALOG_COMPILER_GLOBAL_ACCENT_COLOR_NAME = AccentColor;
				CODE_SIGN_STYLE = Automatic;
				CURRENT_PROJECT_VERSION = 1;
				DEVELOPMENT_TEAM = KP352U95F5;
				GENERATE_INFOPLIST_FILE = YES;
				INFOPLIST_FILE = Calculator/Info.plist;
				INFOPLIST_KEY_UIApplicationSupportsIndirectInputEvents = YES;
				INFOPLIST_KEY_UILaunchStoryboardName = LaunchScreen;
				INFOPLIST_KEY_UIMainStoryboardFile = Main;
				INFOPLIST_KEY_UISupportedInterfaceOrientations_iPad = "UIInterfaceOrientationPortrait UIInterfaceOrientationPortraitUpsideDown UIInterfaceOrientationLandscapeLeft UIInterfaceOrientationLandscapeRight";
				INFOPLIST_KEY_UISupportedInterfaceOrientations_iPhone = "UIInterfaceOrientationPortrait UIInterfaceOrientationLandscapeLeft UIInterfaceOrientationLandscapeRight";
				LD_RUNPATH_SEARCH_PATHS = (
					"$(inherited)",
					"@executable_path/Frameworks",
				);
				MARKETING_VERSION = 1.0;
				PRODUCT_BUNDLE_IDENTIFIER = "smart-castle.Erlan.Calculator";
				PRODUCT_NAME = "$(TARGET_NAME)";
				SWIFT_EMIT_LOC_STRINGS = YES;
				SWIFT_VERSION = 5.0;
				TARGETED_DEVICE_FAMILY = "1,2";
			};
			name = Release;
		};
		DD6F7AE02ADAA078006C1F7F /* Debug */ = {
			isa = XCBuildConfiguration;
			buildSettings = {
				ALWAYS_EMBED_SWIFT_STANDARD_LIBRARIES = YES;
				BUNDLE_LOADER = "$(TEST_HOST)";
				CODE_SIGN_STYLE = Automatic;
				CURRENT_PROJECT_VERSION = 1;
				DEVELOPMENT_TEAM = KP352U95F5;
				GENERATE_INFOPLIST_FILE = YES;
				IPHONEOS_DEPLOYMENT_TARGET = 17.0;
				MARKETING_VERSION = 1.0;
				PRODUCT_BUNDLE_IDENTIFIER = "smart-castle.Erlan.CalculatorTests";
				PRODUCT_NAME = "$(TARGET_NAME)";
				SWIFT_EMIT_LOC_STRINGS = NO;
				SWIFT_VERSION = 5.0;
				TARGETED_DEVICE_FAMILY = "1,2";
				TEST_HOST = "$(BUILT_PRODUCTS_DIR)/CalculatorQuralai.app/$(BUNDLE_EXECUTABLE_FOLDER_PATH)/CalculatorQuralai";
			};
			name = Debug;
		};
		DD6F7AE12ADAA078006C1F7F /* Release */ = {
			isa = XCBuildConfiguration;
			buildSettings = {
				ALWAYS_EMBED_SWIFT_STANDARD_LIBRARIES = YES;
				BUNDLE_LOADER = "$(TEST_HOST)";
				CODE_SIGN_STYLE = Automatic;
				CURRENT_PROJECT_VERSION = 1;
				DEVELOPMENT_TEAM = KP352U95F5;
				GENERATE_INFOPLIST_FILE = YES;
				IPHONEOS_DEPLOYMENT_TARGET = 17.0;
				MARKETING_VERSION = 1.0;
				PRODUCT_BUNDLE_IDENTIFIER = "smart-castle.Erlan.CalculatorTests";
				PRODUCT_NAME = "$(TARGET_NAME)";
				SWIFT_EMIT_LOC_STRINGS = NO;
				SWIFT_VERSION = 5.0;
				TARGETED_DEVICE_FAMILY = "1,2";
				TEST_HOST = "$(BUILT_PRODUCTS_DIR)/CalculatorQuralai.app/$(BUNDLE_EXECUTABLE_FOLDER_PATH)/CalculatorQuralai";
			};
			name = Release;
		};
		DD6F7AE32ADAA078006C1F7F /* Debug */ = {
			isa = XCBuildConfiguration;
			buildSettings = {
				ALWAYS_EMBED_SWIFT_STANDARD_LIBRARIES = YES;
				CODE_SIGN_STYLE = Automatic;
				CURRENT_PROJECT_VERSION = 1;
				DEVELOPMENT_TEAM = KP352U95F5;
				GENERATE_INFOPLIST_FILE = YES;
				MARKETING_VERSION = 1.0;
				PRODUCT_BUNDLE_IDENTIFIER = "smart-castle.Erlan.CalculatorUITests";
				PRODUCT_NAME = "$(TARGET_NAME)";
				SWIFT_EMIT_LOC_STRINGS = NO;
				SWIFT_VERSION = 5.0;
				TARGETED_DEVICE_FAMILY = "1,2";
				TEST_TARGET_NAME = Calculator;
			};
			name = Debug;
		};
		DD6F7AE42ADAA078006C1F7F /* Release */ = {
			isa = XCBuildConfiguration;
			buildSettings = {
				ALWAYS_EMBED_SWIFT_STANDARD_LIBRARIES = YES;
				CODE_SIGN_STYLE = Automatic;
				CURRENT_PROJECT_VERSION = 1;
				DEVELOPMENT_TEAM = KP352U95F5;
				GENERATE_INFOPLIST_FILE = YES;
				MARKETING_VERSION = 1.0;
				PRODUCT_BUNDLE_IDENTIFIER = "smart-castle.Erlan.CalculatorUITests";
				PRODUCT_NAME = "$(TARGET_NAME)";
				SWIFT_EMIT_LOC_STRINGS = NO;
				SWIFT_VERSION = 5.0;
				TARGETED_DEVICE_FAMILY = "1,2";
				TEST_TARGET_NAME = Calculator;
			};
			name = Release;
		};
/* End XCBuildConfiguration section */

/* Begin XCConfigurationList section */
		DD6F7AAD2ADAA076006C1F7F /* Build configuration list for PBXProject "CalculatorQuralai" */ = {
			isa = XCConfigurationList;
			buildConfigurations = (
				DD6F7ADA2ADAA077006C1F7F /* Debug */,
				DD6F7ADB2ADAA077006C1F7F /* Release */,
			);
			defaultConfigurationIsVisible = 0;
			defaultConfigurationName = Release;
		};
		DD6F7ADC2ADAA078006C1F7F /* Build configuration list for PBXNativeTarget "CalculatorQuralai" */ = {
			isa = XCConfigurationList;
			buildConfigurations = (
				DD6F7ADD2ADAA078006C1F7F /* Debug */,
				DD6F7ADE2ADAA078006C1F7F /* Release */,
			);
			defaultConfigurationIsVisible = 0;
			defaultConfigurationName = Release;
		};
		DD6F7ADF2ADAA078006C1F7F /* Build configuration list for PBXNativeTarget "CalculatorQuralaiTests" */ = {
			isa = XCConfigurationList;
			buildConfigurations = (
				DD6F7AE02ADAA078006C1F7F /* Debug */,
				DD6F7AE12ADAA078006C1F7F /* Release */,
			);
			defaultConfigurationIsVisible = 0;
			defaultConfigurationName = Release;
		};
		DD6F7AE22ADAA078006C1F7F /* Build configuration list for PBXNativeTarget "CalculatorQuralaiUITests" */ = {
			isa = XCConfigurationList;
			buildConfigurations = (
				DD6F7AE32ADAA078006C1F7F /* Debug */,
				DD6F7AE42ADAA078006C1F7F /* Release */,
			);
			defaultConfigurationIsVisible = 0;
			defaultConfigurationName = Release;
		};
/* End XCConfigurationList section */
	};
	rootObject = DD6F7AAA2ADAA076006C1F7F /* Project object */;
}
